# This file is automatically @generated by Poetry 1.7.1 and should not be changed by hand.

[[package]]
name = "python-dotenv"
version = "1.0.1"
description = "Read key-value pairs from a .env file and set them as environment variables"
optional = false
python-versions = ">=3.8"
files = [
    {file = "python-dotenv-1.0.1.tar.gz", hash = "sha256:e324ee90a023d808f1959c46bcbc04446a10ced277783dc6ee09987c37ec10ca"},
    {file = "python_dotenv-1.0.1-py3-none-any.whl", hash = "sha256:f7b63ef50f1b690dddf550d03497b66d609393b40b564ed0d674909a68ebf16a"},
]

[package.extras]
cli = ["click (>=5.0)"]

[[package]]
name = "python-gnupg"
version = "0.5.2"
description = "A wrapper for the Gnu Privacy Guard (GPG or GnuPG)"
optional = false
python-versions = "*"
files = [
    {file = "python-gnupg-0.5.2.tar.gz", hash = "sha256:01d8013931c9fa3f45824bbea7054c03d6e11f258a72e7e086e168dbcb91854c"},
    {file = "python_gnupg-0.5.2-py2.py3-none-any.whl", hash = "sha256:72ce142af6da7f07e433fef148b445fb3e07854acd2f88739008838745c0e9f5"},
]

[metadata]
lock-version = "2.0"
python-versions = "^3.10"
content-hash = "108d47d1dceae1253a0640bfb0919a765d7ef3b1a548a2a502be5d08efc6cda9"
